// !$*UTF8*$!
{
	archiveVersion = 1;
	classes = {
	};
	objectVersion = 50;
	objects = {

/* Begin PBXBuildFile section */
		C2732FD426A623B7001D2020 /* AppDelegate.swift in Sources */ = {isa = PBXBuildFile; fileRef = C2732FD326A623B7001D2020 /* AppDelegate.swift */; };
		C2732FD626A623B7001D2020 /* SceneDelegate.swift in Sources */ = {isa = PBXBuildFile; fileRef = C2732FD526A623B7001D2020 /* SceneDelegate.swift */; };
		C2732FD826A623B7001D2020 /* ViewController.swift in Sources */ = {isa = PBXBuildFile; fileRef = C2732FD726A623B7001D2020 /* ViewController.swift */; };
		C2732FDB26A623B7001D2020 /* Main.storyboard in Resources */ = {isa = PBXBuildFile; fileRef = C2732FD926A623B7001D2020 /* Main.storyboard */; };
		C2732FDD26A623B9001D2020 /* Assets.xcassets in Resources */ = {isa = PBXBuildFile; fileRef = C2732FDC26A623B9001D2020 /* Assets.xcassets */; };
		C2732FE026A623B9001D2020 /* LaunchScreen.storyboard in Resources */ = {isa = PBXBuildFile; fileRef = C2732FDE26A623B9001D2020 /* LaunchScreen.storyboard */; };
		C2732FEB26A623B9001D2020 /* AskMeAnythingTests.swift in Sources */ = {isa = PBXBuildFile; fileRef = C2732FEA26A623B9001D2020 /* AskMeAnythingTests.swift */; };
		C2732FF626A623B9001D2020 /* AskMeAnythingUITests.swift in Sources */ = {isa = PBXBuildFile; fileRef = C2732FF526A623B9001D2020 /* AskMeAnythingUITests.swift */; };
/* End PBXBuildFile section */

/* Begin PBXContainerItemProxy section */
		C2732FE726A623B9001D2020 /* PBXContainerItemProxy */ = {
			isa = PBXContainerItemProxy;
			containerPortal = C2732FC826A623B7001D2020 /* Project object */;
			proxyType = 1;
			remoteGlobalIDString = C2732FCF26A623B7001D2020;
			remoteInfo = AskMeAnything;
		};
		C2732FF226A623B9001D2020 /* PBXContainerItemProxy */ = {
			isa = PBXContainerItemProxy;
			containerPortal = C2732FC826A623B7001D2020 /* Project object */;
			proxyType = 1;
			remoteGlobalIDString = C2732FCF26A623B7001D2020;
			remoteInfo = AskMeAnything;
		};
/* End PBXContainerItemProxy section */

/* Begin PBXFileReference section */
		C2732FD026A623B7001D2020 /* AskMeAnything.app */ = {isa = PBXFileReference; explicitFileType = wrapper.application; includeInIndex = 0; path = AskMeAnything.app; sourceTree = BUILT_PRODUCTS_DIR; };
		C2732FD326A623B7001D2020 /* AppDelegate.swift */ = {isa = PBXFileReference; lastKnownFileType = sourcecode.swift; path = AppDelegate.swift; sourceTree = "<group>"; };
		C2732FD526A623B7001D2020 /* SceneDelegate.swift */ = {isa = PBXFileReference; lastKnownFileType = sourcecode.swift; path = SceneDelegate.swift; sourceTree = "<group>"; };
		C2732FD726A623B7001D2020 /* ViewController.swift */ = {isa = PBXFileReference; lastKnownFileType = sourcecode.swift; path = ViewController.swift; sourceTree = "<group>"; };
		C2732FDA26A623B7001D2020 /* Base */ = {isa = PBXFileReference; lastKnownFileType = file.storyboard; name = Base; path = Base.lproj/Main.storyboard; sourceTree = "<group>"; };
		C2732FDC26A623B9001D2020 /* Assets.xcassets */ = {isa = PBXFileReference; lastKnownFileType = folder.assetcatalog; path = Assets.xcassets; sourceTree = "<group>"; };
		C2732FDF26A623B9001D2020 /* Base */ = {isa = PBXFileReference; lastKnownFileType = file.storyboard; name = Base; path = Base.lproj/LaunchScreen.storyboard; sourceTree = "<group>"; };
		C2732FE126A623B9001D2020 /* Info.plist */ = {isa = PBXFileReference; lastKnownFileType = text.plist.xml; path = Info.plist; sourceTree = "<group>"; };
		C2732FE626A623B9001D2020 /* AskMeAnythingTests.xctest */ = {isa = PBXFileReference; explicitFileType = wrapper.cfbundle; includeInIndex = 0; path = AskMeAnythingTests.xctest; sourceTree = BUILT_PRODUCTS_DIR; };
		C2732FEA26A623B9001D2020 /* AskMeAnythingTests.swift */ = {isa = PBXFileReference; lastKnownFileType = sourcecode.swift; path = AskMeAnythingTests.swift; sourceTree = "<group>"; };
		C2732FEC26A623B9001D2020 /* Info.plist */ = {isa = PBXFileReference; lastKnownFileType = text.plist.xml; path = Info.plist; sourceTree = "<group>"; };
		C2732FF126A623B9001D2020 /* AskMeAnythingUITests.xctest */ = {isa = PBXFileReference; explicitFileType = wrapper.cfbundle; includeInIndex = 0; path = AskMeAnythingUITests.xctest; sourceTree = BUILT_PRODUCTS_DIR; };
		C2732FF526A623B9001D2020 /* AskMeAnythingUITests.swift */ = {isa = PBXFileReference; lastKnownFileType = sourcecode.swift; path = AskMeAnythingUITests.swift; sourceTree = "<group>"; };
		C2732FF726A623B9001D2020 /* Info.plist */ = {isa = PBXFileReference; lastKnownFileType = text.plist.xml; path = Info.plist; sourceTree = "<group>"; };
/* End PBXFileReference section */

/* Begin PBXFrameworksBuildPhase section */
		C2732FCD26A623B7001D2020 /* Frameworks */ = {
			isa = PBXFrameworksBuildPhase;
			buildActionMask = 2147483647;
			files = (
			);
			runOnlyForDeploymentPostprocessing = 0;
		};
		C2732FE326A623B9001D2020 /* Frameworks */ = {
			isa = PBXFrameworksBuildPhase;
			buildActionMask = 2147483647;
			files = (
			);
			runOnlyForDeploymentPostprocessing = 0;
		};
		C2732FEE26A623B9001D2020 /* Frameworks */ = {
			isa = PBXFrameworksBuildPhase;
			buildActionMask = 2147483647;
			files = (
			);
			runOnlyForDeploymentPostprocessing = 0;
		};
/* End PBXFrameworksBuildPhase section */

/* Begin PBXGroup section */
		C2732FC726A623B7001D2020 = {
			isa = PBXGroup;
			children = (
				C2732FD226A623B7001D2020 /* AskMeAnything */,
				C2732FE926A623B9001D2020 /* AskMeAnythingTests */,
				C2732FF426A623B9001D2020 /* AskMeAnythingUITests */,
				C2732FD126A623B7001D2020 /* Products */,
			);
			sourceTree = "<group>";
		};
		C2732FD126A623B7001D2020 /* Products */ = {
			isa = PBXGroup;
			children = (
				C2732FD026A623B7001D2020 /* AskMeAnything.app */,
				C2732FE626A623B9001D2020 /* AskMeAnythingTests.xctest */,
				C2732FF126A623B9001D2020 /* AskMeAnythingUITests.xctest */,
			);
			name = Products;
			sourceTree = "<group>";
		};
		C2732FD226A623B7001D2020 /* AskMeAnything */ = {
			isa = PBXGroup;
			children = (
				C2732FD326A623B7001D2020 /* AppDelegate.swift */,
				C2732FD526A623B7001D2020 /* SceneDelegate.swift */,
				C2732FD726A623B7001D2020 /* ViewController.swift */,
				C2732FD926A623B7001D2020 /* Main.storyboard */,
				C2732FDC26A623B9001D2020 /* Assets.xcassets */,
				C2732FDE26A623B9001D2020 /* LaunchScreen.storyboard */,
				C2732FE126A623B9001D2020 /* Info.plist */,
			);
			path = AskMeAnything;
			sourceTree = "<group>";
		};
		C2732FE926A623B9001D2020 /* AskMeAnythingTests */ = {
			isa = PBXGroup;
			children = (
				C2732FEA26A623B9001D2020 /* AskMeAnythingTests.swift */,
				C2732FEC26A623B9001D2020 /* Info.plist */,
			);
			path = AskMeAnythingTests;
			sourceTree = "<group>";
		};
		C2732FF426A623B9001D2020 /* AskMeAnythingUITests */ = {
			isa = PBXGroup;
			children = (
				C2732FF526A623B9001D2020 /* AskMeAnythingUITests.swift */,
				C2732FF726A623B9001D2020 /* Info.plist */,
			);
			path = AskMeAnythingUITests;
			sourceTree = "<group>";
		};
/* End PBXGroup section */

/* Begin PBXNativeTarget section */
		C2732FCF26A623B7001D2020 /* AskMeAnything */ = {
			isa = PBXNativeTarget;
			buildConfigurationList = C2732FFA26A623B9001D2020 /* Build configuration list for PBXNativeTarget "AskMeAnything" */;
			buildPhases = (
				C2732FCC26A623B7001D2020 /* Sources */,
				C2732FCD26A623B7001D2020 /* Frameworks */,
				C2732FCE26A623B7001D2020 /* Resources */,
			);
			buildRules = (
			);
			dependencies = (
			);
			name = AskMeAnything;
			productName = AskMeAnything;
			productReference = C2732FD026A623B7001D2020 /* AskMeAnything.app */;
			productType = "com.apple.product-type.application";
		};
		C2732FE526A623B9001D2020 /* AskMeAnythingTests */ = {
			isa = PBXNativeTarget;
			buildConfigurationList = C2732FFD26A623B9001D2020 /* Build configuration list for PBXNativeTarget "AskMeAnythingTests" */;
			buildPhases = (
				C2732FE226A623B9001D2020 /* Sources */,
				C2732FE326A623B9001D2020 /* Frameworks */,
				C2732FE426A623B9001D2020 /* Resources */,
			);
			buildRules = (
			);
			dependencies = (
				C2732FE826A623B9001D2020 /* PBXTargetDependency */,
			);
			name = AskMeAnythingTests;
			productName = AskMeAnythingTests;
			productReference = C2732FE626A623B9001D2020 /* AskMeAnythingTests.xctest */;
			productType = "com.apple.product-type.bundle.unit-test";
		};
		C2732FF026A623B9001D2020 /* AskMeAnythingUITests */ = {
			isa = PBXNativeTarget;
			buildConfigurationList = C273300026A623B9001D2020 /* Build configuration list for PBXNativeTarget "AskMeAnythingUITests" */;
			buildPhases = (
				C2732FED26A623B9001D2020 /* Sources */,
				C2732FEE26A623B9001D2020 /* Frameworks */,
				C2732FEF26A623B9001D2020 /* Resources */,
			);
			buildRules = (
			);
			dependencies = (
				C2732FF326A623B9001D2020 /* PBXTargetDependency */,
			);
			name = AskMeAnythingUITests;
			productName = AskMeAnythingUITests;
			productReference = C2732FF126A623B9001D2020 /* AskMeAnythingUITests.xctest */;
			productType = "com.apple.product-type.bundle.ui-testing";
		};
/* End PBXNativeTarget section */

/* Begin PBXProject section */
		C2732FC826A623B7001D2020 /* Project object */ = {
			isa = PBXProject;
			attributes = {
				LastSwiftUpdateCheck = 1250;
				LastUpgradeCheck = 1250;
				TargetAttributes = {
					C2732FCF26A623B7001D2020 = {
						CreatedOnToolsVersion = 12.5.1;
					};
					C2732FE526A623B9001D2020 = {
						CreatedOnToolsVersion = 12.5.1;
						TestTargetID = C2732FCF26A623B7001D2020;
					};
					C2732FF026A623B9001D2020 = {
						CreatedOnToolsVersion = 12.5.1;
						TestTargetID = C2732FCF26A623B7001D2020;
					};
				};
			};
			buildConfigurationList = C2732FCB26A623B7001D2020 /* Build configuration list for PBXProject "AskMeAnything" */;
			compatibilityVersion = "Xcode 9.3";
			developmentRegion = en;
			hasScannedForEncodings = 0;
			knownRegions = (
				en,
				Base,
			);
			mainGroup = C2732FC726A623B7001D2020;
			productRefGroup = C2732FD126A623B7001D2020 /* Products */;
			projectDirPath = "";
			projectRoot = "";
			targets = (
				C2732FCF26A623B7001D2020 /* AskMeAnything */,
				C2732FE526A623B9001D2020 /* AskMeAnythingTests */,
				C2732FF026A623B9001D2020 /* AskMeAnythingUITests */,
			);
		};
/* End PBXProject section */

/* Begin PBXResourcesBuildPhase section */
		C2732FCE26A623B7001D2020 /* Resources */ = {
			isa = PBXResourcesBuildPhase;
			buildActionMask = 2147483647;
			files = (
				C2732FE026A623B9001D2020 /* LaunchScreen.storyboard in Resources */,
				C2732FDD26A623B9001D2020 /* Assets.xcassets in Resources */,
				C2732FDB26A623B7001D2020 /* Main.storyboard in Resources */,
			);
			runOnlyForDeploymentPostprocessing = 0;
		};
		C2732FE426A623B9001D2020 /* Resources */ = {
			isa = PBXResourcesBuildPhase;
			buildActionMask = 2147483647;
			files = (
			);
			runOnlyForDeploymentPostprocessing = 0;
		};
		C2732FEF26A623B9001D2020 /* Resources */ = {
			isa = PBXResourcesBuildPhase;
			buildActionMask = 2147483647;
			files = (
			);
			runOnlyForDeploymentPostprocessing = 0;
		};
/* End PBXResourcesBuildPhase section */

/* Begin PBXSourcesBuildPhase section */
		C2732FCC26A623B7001D2020 /* Sources */ = {
			isa = PBXSourcesBuildPhase;
			buildActionMask = 2147483647;
			files = (
				C2732FD826A623B7001D2020 /* ViewController.swift in Sources */,
				C2732FD426A623B7001D2020 /* AppDelegate.swift in Sources */,
				C2732FD626A623B7001D2020 /* SceneDelegate.swift in Sources */,
			);
			runOnlyForDeploymentPostprocessing = 0;
		};
		C2732FE226A623B9001D2020 /* Sources */ = {
			isa = PBXSourcesBuildPhase;
			buildActionMask = 2147483647;
			files = (
				C2732FEB26A623B9001D2020 /* AskMeAnythingTests.swift in Sources */,
			);
			runOnlyForDeploymentPostprocessing = 0;
		};
		C2732FED26A623B9001D2020 /* Sources */ = {
			isa = PBXSourcesBuildPhase;
			buildActionMask = 2147483647;
			files = (
				C2732FF626A623B9001D2020 /* AskMeAnythingUITests.swift in Sources */,
			);
			runOnlyForDeploymentPostprocessing = 0;
		};
/* End PBXSourcesBuildPhase section */

/* Begin PBXTargetDependency section */
		C2732FE826A623B9001D2020 /* PBXTargetDependency */ = {
			isa = PBXTargetDependency;
			target = C2732FCF26A623B7001D2020 /* AskMeAnything */;
			targetProxy = C2732FE726A623B9001D2020 /* PBXContainerItemProxy */;
		};
		C2732FF326A623B9001D2020 /* PBXTargetDependency */ = {
			isa = PBXTargetDependency;
			target = C2732FCF26A623B7001D2020 /* AskMeAnything */;
			targetProxy = C2732FF226A623B9001D2020 /* PBXContainerItemProxy */;
		};
/* End PBXTargetDependency section */

/* Begin PBXVariantGroup section */
		C2732FD926A623B7001D2020 /* Main.storyboard */ = {
			isa = PBXVariantGroup;
			children = (
				C2732FDA26A623B7001D2020 /* Base */,
			);
			name = Main.storyboard;
			sourceTree = "<group>";
		};
		C2732FDE26A623B9001D2020 /* LaunchScreen.storyboard */ = {
			isa = PBXVariantGroup;
			children = (
				C2732FDF26A623B9001D2020 /* Base */,
			);
			name = LaunchScreen.storyboard;
			sourceTree = "<group>";
		};
/* End PBXVariantGroup section */

/* Begin XCBuildConfiguration section */
		C2732FF826A623B9001D2020 /* Debug */ = {
			isa = XCBuildConfiguration;
			buildSettings = {
				ALWAYS_SEARCH_USER_PATHS = NO;
				CLANG_ANALYZER_NONNULL = YES;
				CLANG_ANALYZER_NUMBER_OBJECT_CONVERSION = YES_AGGRESSIVE;
				CLANG_CXX_LANGUAGE_STANDARD = "gnu++14";
				CLANG_CXX_LIBRARY = "libc++";
				CLANG_ENABLE_MODULES = YES;
				CLANG_ENABLE_OBJC_ARC = YES;
				CLANG_ENABLE_OBJC_WEAK = YES;
				CLANG_WARN_BLOCK_CAPTURE_AUTORELEASING = YES;
				CLANG_WARN_BOOL_CONVERSION = YES;
				CLANG_WARN_COMMA = YES;
				CLANG_WARN_CONSTANT_CONVERSION = YES;
				CLANG_WARN_DEPRECATED_OBJC_IMPLEMENTATIONS = YES;
				CLANG_WARN_DIRECT_OBJC_ISA_USAGE = YES_ERROR;
				CLANG_WARN_DOCUMENTATION_COMMENTS = YES;
				CLANG_WARN_EMPTY_BODY = YES;
				CLANG_WARN_ENUM_CONVERSION = YES;
				CLANG_WARN_INFINITE_RECURSION = YES;
				CLANG_WARN_INT_CONVERSION = YES;
				CLANG_WARN_NON_LITERAL_NULL_CONVERSION = YES;
				CLANG_WARN_OBJC_IMPLICIT_RETAIN_SELF = YES;
				CLANG_WARN_OBJC_LITERAL_CONVERSION = YES;
				CLANG_WARN_OBJC_ROOT_CLASS = YES_ERROR;
				CLANG_WARN_QUOTED_INCLUDE_IN_FRAMEWORK_HEADER = YES;
				CLANG_WARN_RANGE_LOOP_ANALYSIS = YES;
				CLANG_WARN_STRICT_PROTOTYPES = YES;
				CLANG_WARN_SUSPICIOUS_MOVE = YES;
				CLANG_WARN_UNGUARDED_AVAILABILITY = YES_AGGRESSIVE;
				CLANG_WARN_UNREACHABLE_CODE = YES;
				CLANG_WARN__DUPLICATE_METHOD_MATCH = YES;
				COPY_PHASE_STRIP = NO;
				DEBUG_INFORMATION_FORMAT = dwarf;
				ENABLE_STRICT_OBJC_MSGSEND = YES;
				ENABLE_TESTABILITY = YES;
				GCC_C_LANGUAGE_STANDARD = gnu11;
				GCC_DYNAMIC_NO_PIC = NO;
				GCC_NO_COMMON_BLOCKS = YES;
				GCC_OPTIMIZATION_LEVEL = 0;
				GCC_PREPROCESSOR_DEFINITIONS = (
					"DEBUG=1",
					"$(inherited)",
				);
				GCC_WARN_64_TO_32_BIT_CONVERSION = YES;
				GCC_WARN_ABOUT_RETURN_TYPE = YES_ERROR;
				GCC_WARN_UNDECLARED_SELECTOR = YES;
				GCC_WARN_UNINITIALIZED_AUTOS = YES_AGGRESSIVE;
				GCC_WARN_UNUSED_FUNCTION = YES;
				GCC_WARN_UNUSED_VARIABLE = YES;
				IPHONEOS_DEPLOYMENT_TARGET = 14.5;
				MTL_ENABLE_DEBUG_INFO = INCLUDE_SOURCE;
				MTL_FAST_MATH = YES;
				ONLY_ACTIVE_ARCH = YES;
				SDKROOT = iphoneos;
				SWIFT_ACTIVE_COMPILATION_CONDITIONS = DEBUG;
				SWIFT_OPTIMIZATION_LEVEL = "-Onone";
			};
			name = Debug;
		};
		C2732FF926A623B9001D2020 /* Release */ = {
			isa = XCBuildConfiguration;
			buildSettings = {
				ALWAYS_SEARCH_USER_PATHS = NO;
				CLANG_ANALYZER_NONNULL = YES;
				CLANG_ANALYZER_NUMBER_OBJECT_CONVERSION = YES_AGGRESSIVE;
				CLANG_CXX_LANGUAGE_STANDARD = "gnu++14";
				CLANG_CXX_LIBRARY = "libc++";
				CLANG_ENABLE_MODULES = YES;
				CLANG_ENABLE_OBJC_ARC = YES;
				CLANG_ENABLE_OBJC_WEAK = YES;
				CLANG_WARN_BLOCK_CAPTURE_AUTORELEASING = YES;
				CLANG_WARN_BOOL_CONVERSION = YES;
				CLANG_WARN_COMMA = YES;
				CLANG_WARN_CONSTANT_CONVERSION = YES;
				CLANG_WARN_DEPRECATED_OBJC_IMPLEMENTATIONS = YES;
				CLANG_WARN_DIRECT_OBJC_ISA_USAGE = YES_ERROR;
				CLANG_WARN_DOCUMENTATION_COMMENTS = YES;
				CLANG_WARN_EMPTY_BODY = YES;
				CLANG_WARN_ENUM_CONVERSION = YES;
				CLANG_WARN_INFINITE_RECURSION = YES;
				CLANG_WARN_INT_CONVERSION = YES;
				CLANG_WARN_NON_LITERAL_NULL_CONVERSION = YES;
				CLANG_WARN_OBJC_IMPLICIT_RETAIN_SELF = YES;
				CLANG_WARN_OBJC_LITERAL_CONVERSION = YES;
				CLANG_WARN_OBJC_ROOT_CLASS = YES_ERROR;
				CLANG_WARN_QUOTED_INCLUDE_IN_FRAMEWORK_HEADER = YES;
				CLANG_WARN_RANGE_LOOP_ANALYSIS = YES;
				CLANG_WARN_STRICT_PROTOTYPES = YES;
				CLANG_WARN_SUSPICIOUS_MOVE = YES;
				CLANG_WARN_UNGUARDED_AVAILABILITY = YES_AGGRESSIVE;
				CLANG_WARN_UNREACHABLE_CODE = YES;
				CLANG_WARN__DUPLICATE_METHOD_MATCH = YES;
				COPY_PHASE_STRIP = NO;
				DEBUG_INFORMATION_FORMAT = "dwarf-with-dsym";
				ENABLE_NS_ASSERTIONS = NO;
				ENABLE_STRICT_OBJC_MSGSEND = YES;
				GCC_C_LANGUAGE_STANDARD = gnu11;
				GCC_NO_COMMON_BLOCKS = YES;
				GCC_WARN_64_TO_32_BIT_CONVERSION = YES;
				GCC_WARN_ABOUT_RETURN_TYPE = YES_ERROR;
				GCC_WARN_UNDECLARED_SELECTOR = YES;
				GCC_WARN_UNINITIALIZED_AUTOS = YES_AGGRESSIVE;
				GCC_WARN_UNUSED_FUNCTION = YES;
				GCC_WARN_UNUSED_VARIABLE = YES;
				IPHONEOS_DEPLOYMENT_TARGET = 14.5;
				MTL_ENABLE_DEBUG_INFO = NO;
				MTL_FAST_MATH = YES;
				SDKROOT = iphoneos;
				SWIFT_COMPILATION_MODE = wholemodule;
				SWIFT_OPTIMIZATION_LEVEL = "-O";
				VALIDATE_PRODUCT = YES;
			};
			name = Release;
		};
		C2732FFB26A623B9001D2020 /* Debug */ = {
			isa = XCBuildConfiguration;
			buildSettings = {
				ASSETCATALOG_COMPILER_APPICON_NAME = AppIcon;
				ASSETCATALOG_COMPILER_GLOBAL_ACCENT_COLOR_NAME = AccentColor;
				CODE_SIGN_STYLE = Automatic;
				DEVELOPMENT_TEAM = HBNX7GQE7K;
				INFOPLIST_FILE = AskMeAnything/Info.plist;
				LD_RUNPATH_SEARCH_PATHS = (
					"$(inherited)",
					"@executable_path/Frameworks",
				);
				PRODUCT_BUNDLE_IDENTIFIER = com.Matt.AskMeAnything;
				PRODUCT_NAME = "$(TARGET_NAME)";
				SWIFT_VERSION = 5.0;
				TARGETED_DEVICE_FAMILY = "1,2";
			};
			name = Debug;
		};
		C2732FFC26A623B9001D2020 /* Release */ = {
			isa = XCBuildConfiguration;
			buildSettings = {
				ASSETCATALOG_COMPILER_APPICON_NAME = AppIcon;
				ASSETCATALOG_COMPILER_GLOBAL_ACCENT_COLOR_NAME = AccentColor;
				CODE_SIGN_STYLE = Automatic;
				DEVELOPMENT_TEAM = HBNX7GQE7K;
				INFOPLIST_FILE = AskMeAnything/Info.plist;
				LD_RUNPATH_SEARCH_PATHS = (
					"$(inherited)",
					"@executable_path/Frameworks",
				);
				PRODUCT_BUNDLE_IDENTIFIER = com.Matt.AskMeAnything;
				PRODUCT_NAME = "$(TARGET_NAME)";
				SWIFT_VERSION = 5.0;
				TARGETED_DEVICE_FAMILY = "1,2";
			};
			name = Release;
		};
		C2732FFE26A623B9001D2020 /* Debug */ = {
			isa = XCBuildConfiguration;
			buildSettings = {
				ALWAYS_EMBED_SWIFT_STANDARD_LIBRARIES = YES;
				BUNDLE_LOADER = "$(TEST_HOST)";
				CODE_SIGN_STYLE = Automatic;
				DEVELOPMENT_TEAM = HBNX7GQE7K;
				INFOPLIST_FILE = AskMeAnythingTests/Info.plist;
				IPHONEOS_DEPLOYMENT_TARGET = 14.5;
				LD_RUNPATH_SEARCH_PATHS = (
					"$(inherited)",
					"@executable_path/Frameworks",
					"@loader_path/Frameworks",
				);
				PRODUCT_BUNDLE_IDENTIFIER = com.Matt.AskMeAnythingTests;
				PRODUCT_NAME = "$(TARGET_NAME)";
				SWIFT_VERSION = 5.0;
				TARGETED_DEVICE_FAMILY = "1,2";
				TEST_HOST = "$(BUILT_PRODUCTS_DIR)/AskMeAnything.app/AskMeAnything";
			};
			name = Debug;
		};
		C2732FFF26A623B9001D2020 /* Release */ = {
			isa = XCBuildConfiguration;
			buildSettings = {
				ALWAYS_EMBED_SWIFT_STANDARD_LIBRARIES = YES;
				BUNDLE_LOADER = "$(TEST_HOST)";
				CODE_SIGN_STYLE = Automatic;
				DEVELOPMENT_TEAM = HBNX7GQE7K;
				INFOPLIST_FILE = AskMeAnythingTests/Info.plist;
				IPHONEOS_DEPLOYMENT_TARGET = 14.5;
				LD_RUNPATH_SEARCH_PATHS = (
					"$(inherited)",
					"@executable_path/Frameworks",
					"@loader_path/Frameworks",
				);
				PRODUCT_BUNDLE_IDENTIFIER = com.Matt.AskMeAnythingTests;
				PRODUCT_NAME = "$(TARGET_NAME)";
				SWIFT_VERSION = 5.0;
				TARGETED_DEVICE_FAMILY = "1,2";
				TEST_HOST = "$(BUILT_PRODUCTS_DIR)/AskMeAnything.app/AskMeAnything";
			};
			name = Release;
		};
		C273300126A623B9001D2020 /* Debug */ = {
			isa = XCBuildConfiguration;
			buildSettings = {
				ALWAYS_EMBED_SWIFT_STANDARD_LIBRARIES = YES;
				CODE_SIGN_STYLE = Automatic;
				DEVELOPMENT_TEAM = HBNX7GQE7K;
				INFOPLIST_FILE = AskMeAnythingUITests/Info.plist;
				LD_RUNPATH_SEARCH_PATHS = (
					"$(inherited)",
					"@executable_path/Frameworks",
					"@loader_path/Frameworks",
				);
				PRODUCT_BUNDLE_IDENTIFIER = com.Matt.AskMeAnythingUITests;
				PRODUCT_NAME = "$(TARGET_NAME)";
				SWIFT_VERSION = 5.0;
				TARGETED_DEVICE_FAMILY = "1,2";
				TEST_TARGET_NAME = AskMeAnything;
			};
			name = Debug;
		};
		C273300226A623B9001D2020 /* Release */ = {
			isa = XCBuildConfiguration;
			buildSettings = {
				ALWAYS_EMBED_SWIFT_STANDARD_LIBRARIES = YES;
				CODE_SIGN_STYLE = Automatic;
				DEVELOPMENT_TEAM = HBNX7GQE7K;
				INFOPLIST_FILE = AskMeAnythingUITests/Info.plist;
				LD_RUNPATH_SEARCH_PATHS = (
					"$(inherited)",
					"@executable_path/Frameworks",
					"@loader_path/Frameworks",
				);
				PRODUCT_BUNDLE_IDENTIFIER = com.Matt.AskMeAnythingUITests;
				PRODUCT_NAME = "$(TARGET_NAME)";
				SWIFT_VERSION = 5.0;
				TARGETED_DEVICE_FAMILY = "1,2";
				TEST_TARGET_NAME = AskMeAnything;
			};
			name = Release;
		};
/* End XCBuildConfiguration section */

/* Begin XCConfigurationList section */
		C2732FCB26A623B7001D2020 /* Build configuration list for PBXProject "AskMeAnything" */ = {
			isa = XCConfigurationList;
			buildConfigurations = (
				C2732FF826A623B9001D2020 /* Debug */,
				C2732FF926A623B9001D2020 /* Release */,
			);
			defaultConfigurationIsVisible = 0;
			defaultConfigurationName = Release;
		};
		C2732FFA26A623B9001D2020 /* Build configuration list for PBXNativeTarget "AskMeAnything" */ = {
			isa = XCConfigurationList;
			buildConfigurations = (
				C2732FFB26A623B9001D2020 /* Debug */,
				C2732FFC26A623B9001D2020 /* Release */,
			);
			defaultConfigurationIsVisible = 0;
			defaultConfigurationName = Release;
		};
		C2732FFD26A623B9001D2020 /* Build configuration list for PBXNativeTarget "AskMeAnythingTests" */ = {
			isa = XCConfigurationList;
			buildConfigurations = (
				C2732FFE26A623B9001D2020 /* Debug */,
				C2732FFF26A623B9001D2020 /* Release */,
			);
			defaultConfigurationIsVisible = 0;
			defaultConfigurationName = Release;
		};
		C273300026A623B9001D2020 /* Build configuration list for PBXNativeTarget "AskMeAnythingUITests" */ = {
			isa = XCConfigurationList;
			buildConfigurations = (
				C273300126A623B9001D2020 /* Debug */,
				C273300226A623B9001D2020 /* Release */,
			);
			defaultConfigurationIsVisible = 0;
			defaultConfigurationName = Release;
		};
/* End XCConfigurationList section */
	};
	rootObject = C2732FC826A623B7001D2020 /* Project object */;
}
